PODS:
  - FBSnapshotTestCase (2.1.4):
    - FBSnapshotTestCase/SwiftSupport (= 2.1.4)
  - FBSnapshotTestCase/Core (2.1.4)
  - FBSnapshotTestCase/SwiftSupport (2.1.4):
    - FBSnapshotTestCase/Core
  - Masonry (1.1.0)
  - ZLListKit (0.1.0)

DEPENDENCIES:
  - FBSnapshotTestCase
  - Masonry
  - ZLListKit (from `../`)

SPEC REPOS:
  trunk:
    - FBSnapshotTestCase
    - Masonry

EXTERNAL SOURCES:
  ZLListKit:
    :path: "../"

SPEC CHECKSUMS:
  FBSnapshotTestCase: 094f9f314decbabe373b87cc339bea235a63e07a
  Masonry: 678fab65091a9290e40e2832a55e7ab731aad201
  ZLListKit: 08a41539b54e9fbc6223401fee1fbebac431ff44

PODFILE CHECKSUM: 6d401cda7d9d18eb2c00022c5a56ee6fbdd9d6e3

COCOAPODS: 1.16.2
